
Microsoft Visual Studio Solution File, Format Version 12.00
# Visual Studio 2012
Project("{FAE04EC0-301F-11D3-BF4B-00C04F79EFBC}") = "C8.Lottery.Portal", "C8.Lottery.Portal\C8.Lottery.Portal.csproj", "{1D7D9E23-C443-4E10-98F0-A3EE0EC2D581}"
EndProject
Project("{FAE04EC0-301F-11D3-BF4B-00C04F79EFBC}") = "C8.Lottery.Public", "..\C8.Lottery.Public\C8.Lottery.Public.csproj", "{2AB81CC4-055B-4BBF-8F80-9CFF94878F12}"
EndProject
Project("{FAE04EC0-301F-11D3-BF4B-00C04F79EFBC}") = "C8.Lottery.Model", "..\C8.Lottery.Model\C8.Lottery.Model.csproj", "{0E13E0AB-ECFE-42C2-9E00-5FDCA83BF89A}"
EndProject
Global
	GlobalSection(SolutionConfigurationPlatforms) = preSolution
		Debug|Any CPU = Debug|Any CPU
		Release|Any CPU = Release|Any CPU
	EndGlobalSection
	GlobalSection(ProjectConfigurationPlatforms) = postSolution
		{1D7D9E23-C443-4E10-98F0-A3EE0EC2D581}.Debug|Any CPU.ActiveCfg = Debug|Any CPU
		{1D7D9E23-C443-4E10-98F0-A3EE0EC2D581}.Debug|Any CPU.Build.0 = Debug|Any CPU
		{1D7D9E23-C443-4E10-98F0-A3EE0EC2D581}.Release|Any CPU.ActiveCfg = Release|Any CPU
		{1D7D9E23-C443-4E10-98F0-A3EE0EC2D581}.Release|Any CPU.Build.0 = Release|Any CPU
		{2AB81CC4-055B-4BBF-8F80-9CFF94878F12}.Debug|Any CPU.ActiveCfg = Debug|Any CPU
		{2AB81CC4-055B-4BBF-8F80-9CFF94878F12}.Debug|Any CPU.Build.0 = Debug|Any CPU
		{2AB81CC4-055B-4BBF-8F80-9CFF94878F12}.Release|Any CPU.ActiveCfg = Release|Any CPU
		{2AB81CC4-055B-4BBF-8F80-9CFF94878F12}.Release|Any CPU.Build.0 = Release|Any CPU
		{0E13E0AB-ECFE-42C2-9E00-5FDCA83BF89A}.Debug|Any CPU.ActiveCfg = Debug|Any CPU
		{0E13E0AB-ECFE-42C2-9E00-5FDCA83BF89A}.Debug|Any CPU.Build.0 = Debug|Any CPU
		{0E13E0AB-ECFE-42C2-9E00-5FDCA83BF89A}.Release|Any CPU.ActiveCfg = Release|Any CPU
		{0E13E0AB-ECFE-42C2-9E00-5FDCA83BF89A}.Release|Any CPU.Build.0 = Release|Any CPU
	EndGlobalSection
	GlobalSection(SolutionProperties) = preSolution
		HideSolutionNode = FALSE
	EndGlobalSection
EndGlobal
